
Microsoft Visual Studio Solution File, Format Version 12.00
# Visual Studio Version 17
VisualStudioVersion = 17.2.32630.192
MinimumVisualStudioVersion = 10.0.40219.1
Project("{FAE04EC0-301F-11D3-BF4B-00C04F79EFBC}") = "LoopsPlusConditionals", "LoopsPlusConditionals.csproj", "{CA14DD1C-15FB-4C5D-BD51-63B15F761FCC}"
EndProject
Global
	GlobalSection(SolutionConfigurationPlatforms) = preSolution
		Debug|Any CPU = Debug|Any CPU
		Release|Any CPU = Release|Any CPU
	EndGlobalSection
	GlobalSection(ProjectConfigurationPlatforms) = postSolution
		{CA14DD1C-15FB-4C5D-BD51-63B15F761FCC}.Debug|Any CPU.ActiveCfg = Debug|Any CPU
		{CA14DD1C-15FB-4C5D-BD51-63B15F761FCC}.Debug|Any CPU.Build.0 = Debug|Any CPU
		{CA14DD1C-15FB-4C5D-BD51-63B15F761FCC}.Release|Any CPU.ActiveCfg = Release|Any CPU
		{CA14DD1C-15FB-4C5D-BD51-63B15F761FCC}.Release|Any CPU.Build.0 = Release|Any CPU
	EndGlobalSection
	GlobalSection(SolutionProperties) = preSolution
		HideSolutionNode = FALSE
	EndGlobalSection
	GlobalSection(ExtensibilityGlobals) = postSolution
		SolutionGuid = {557CF018-9D03-4B24-8725-C2778794066F}
	EndGlobalSection
EndGlobal
